
Microsoft Visual Studio Solution File, Format Version 12.00
# Visual Studio 15
VisualStudioVersion = 15.0.28307.168
MinimumVisualStudioVersion = 10.0.40219.1
Project("{8BC9CEB8-8B4A-11D0-8D11-00A0C91BC942}") = "задача 2-вставка и посик элементов хеш-таблицы", "задача 2-вставка и посик элементов хеш-таблицы\задача 2-вставка и посик элементов хеш-таблицы.vcxproj", "{0DC110CB-3A13-473A-9F91-8129734F9FF8}"
EndProject
Global
	GlobalSection(SolutionConfigurationPlatforms) = preSolution
		Debug|x64 = Debug|x64
		Debug|x86 = Debug|x86
		Release|x64 = Release|x64
		Release|x86 = Release|x86
	EndGlobalSection
	GlobalSection(ProjectConfigurationPlatforms) = postSolution
		{0DC110CB-3A13-473A-9F91-8129734F9FF8}.Debug|x64.ActiveCfg = Debug|x64
		{0DC110CB-3A13-473A-9F91-8129734F9FF8}.Debug|x64.Build.0 = Debug|x64
		{0DC110CB-3A13-473A-9F91-8129734F9FF8}.Debug|x86.ActiveCfg = Debug|Win32
		{0DC110CB-3A13-473A-9F91-8129734F9FF8}.Debug|x86.Build.0 = Debug|Win32
		{0DC110CB-3A13-473A-9F91-8129734F9FF8}.Release|x64.ActiveCfg = Release|x64
		{0DC110CB-3A13-473A-9F91-8129734F9FF8}.Release|x64.Build.0 = Release|x64
		{0DC110CB-3A13-473A-9F91-8129734F9FF8}.Release|x86.ActiveCfg = Release|Win32
		{0DC110CB-3A13-473A-9F91-8129734F9FF8}.Release|x86.Build.0 = Release|Win32
	EndGlobalSection
	GlobalSection(SolutionProperties) = preSolution
		HideSolutionNode = FALSE
	EndGlobalSection
	GlobalSection(ExtensibilityGlobals) = postSolution
		SolutionGuid = {DABD6DF0-4997-48BA-BFB7-09C9DD10A2B6}
	EndGlobalSection
EndGlobal
